
Microsoft Visual Studio Solution File, Format Version 12.00
# Visual Studio Version 16
VisualStudioVersion = 16.0.31613.86
MinimumVisualStudioVersion = 10.0.40219.1
Project("{8BC9CEB8-8B4A-11D0-8D11-00A0C91BC942}") = "SimpleSpider", "SimpleSpider\SimpleSpider.vcxproj", "{B6F30F1E-FC7A-4A41-B420-F398B80D7DEB}"
EndProject
Global
	GlobalSection(SolutionConfigurationPlatforms) = preSolution
		Debug|x64 = Debug|x64
		Debug|x86 = Debug|x86
		Release|x64 = Release|x64
		Release|x86 = Release|x86
	EndGlobalSection
	GlobalSection(ProjectConfigurationPlatforms) = postSolution
		{B6F30F1E-FC7A-4A41-B420-F398B80D7DEB}.Debug|x64.ActiveCfg = Debug|x64
		{B6F30F1E-FC7A-4A41-B420-F398B80D7DEB}.Debug|x64.Build.0 = Debug|x64
		{B6F30F1E-FC7A-4A41-B420-F398B80D7DEB}.Debug|x86.ActiveCfg = Debug|Win32
		{B6F30F1E-FC7A-4A41-B420-F398B80D7DEB}.Debug|x86.Build.0 = Debug|Win32
		{B6F30F1E-FC7A-4A41-B420-F398B80D7DEB}.Release|x64.ActiveCfg = Release|x64
		{B6F30F1E-FC7A-4A41-B420-F398B80D7DEB}.Release|x64.Build.0 = Release|x64
		{B6F30F1E-FC7A-4A41-B420-F398B80D7DEB}.Release|x86.ActiveCfg = Release|Win32
		{B6F30F1E-FC7A-4A41-B420-F398B80D7DEB}.Release|x86.Build.0 = Release|Win32
	EndGlobalSection
	GlobalSection(SolutionProperties) = preSolution
		HideSolutionNode = FALSE
	EndGlobalSection
	GlobalSection(ExtensibilityGlobals) = postSolution
		SolutionGuid = {B81444A2-2F70-4341-921E-959CABB23F93}
	EndGlobalSection
EndGlobal
